
Microsoft Visual Studio Solution File, Format Version 12.00
# Visual Studio Version 16
VisualStudioVersion = 16.0.29709.97
MinimumVisualStudioVersion = 10.0.40219.1
Project("{FAE04EC0-301F-11D3-BF4B-00C04F79EFBC}") = "Tandem.API", "Tandem.API.csproj", "{EDEDE276-F8C7-4A64-9A5B-C8259D80A8BE}"
EndProject
Global
	GlobalSection(SolutionConfigurationPlatforms) = preSolution
		Debug|Any CPU = Debug|Any CPU
		Release|Any CPU = Release|Any CPU
	EndGlobalSection
	GlobalSection(ProjectConfigurationPlatforms) = postSolution
		{EDEDE276-F8C7-4A64-9A5B-C8259D80A8BE}.Debug|Any CPU.ActiveCfg = Debug|Any CPU
		{EDEDE276-F8C7-4A64-9A5B-C8259D80A8BE}.Debug|Any CPU.Build.0 = Debug|Any CPU
		{EDEDE276-F8C7-4A64-9A5B-C8259D80A8BE}.Release|Any CPU.ActiveCfg = Release|Any CPU
		{EDEDE276-F8C7-4A64-9A5B-C8259D80A8BE}.Release|Any CPU.Build.0 = Release|Any CPU
	EndGlobalSection
	GlobalSection(SolutionProperties) = preSolution
		HideSolutionNode = FALSE
	EndGlobalSection
	GlobalSection(ExtensibilityGlobals) = postSolution
		SolutionGuid = {5AB73D29-E0DA-47FE-80CC-A9C2320342EC}
	EndGlobalSection
EndGlobal
